Microsoft Visual Studio Solution File, Format Version 12.00
# Visual Studio Version 17
VisualStudioVersion = 17.5.2.0
MinimumVisualStudioVersion = 10.0.40219.1
Project("{FAE04EC0-301F-11D3-BF4B-00C04F79EFBC}") = "PedraPapelTesoura", "PedraPapelTesoura.csproj", "{29A65F4B-8D17-5E64-E715-8DB6DF949C7B}"
EndProject
Global
	GlobalSection(SolutionConfigurationPlatforms) = preSolution
		Debug|Any CPU = Debug|Any CPU
		Release|Any CPU = Release|Any CPU
	EndGlobalSection
	GlobalSection(ProjectConfigurationPlatforms) = postSolution
		{29A65F4B-8D17-5E64-E715-8DB6DF949C7B}.Debug|Any CPU.ActiveCfg = Debug|Any CPU
		{29A65F4B-8D17-5E64-E715-8DB6DF949C7B}.Debug|Any CPU.Build.0 = Debug|Any CPU
		{29A65F4B-8D17-5E64-E715-8DB6DF949C7B}.Release|Any CPU.ActiveCfg = Release|Any CPU
		{29A65F4B-8D17-5E64-E715-8DB6DF949C7B}.Release|Any CPU.Build.0 = Release|Any CPU
	EndGlobalSection
	GlobalSection(SolutionProperties) = preSolution
		HideSolutionNode = FALSE
	EndGlobalSection
	GlobalSection(ExtensibilityGlobals) = postSolution
		SolutionGuid = {0119FD28-01AA-4923-ABB7-04BA39C76980}
	EndGlobalSection
EndGlobal
